
Microsoft Visual Studio Solution File, Format Version 12.00
# Visual Studio Version 17
VisualStudioVersion = 17.10.35027.167
MinimumVisualStudioVersion = 10.0.40219.1
Project("{9A19103F-16F7-4668-BE54-9A1E7A4F7556}") = "SK.NRMods.DragStats", "SK.NRMods.DragStats\SK.NRMods.DragStats.csproj", "{ED735DA2-8076-48BE-AD02-D9BA59269C69}"
EndProject
Global
	GlobalSection(SolutionConfigurationPlatforms) = preSolution
		Debug|Any CPU = Debug|Any CPU
		Release|Any CPU = Release|Any CPU
	EndGlobalSection
	GlobalSection(ProjectConfigurationPlatforms) = postSolution
		{ED735DA2-8076-48BE-AD02-D9BA59269C69}.Debug|Any CPU.ActiveCfg = Debug|Any CPU
		{ED735DA2-8076-48BE-AD02-D9BA59269C69}.Debug|Any CPU.Build.0 = Debug|Any CPU
		{ED735DA2-8076-48BE-AD02-D9BA59269C69}.Release|Any CPU.ActiveCfg = Release|Any CPU
		{ED735DA2-8076-48BE-AD02-D9BA59269C69}.Release|Any CPU.Build.0 = Release|Any CPU
	EndGlobalSection
	GlobalSection(SolutionProperties) = preSolution
		HideSolutionNode = FALSE
	EndGlobalSection
	GlobalSection(ExtensibilityGlobals) = postSolution
		SolutionGuid = {BBD777B5-3761-4F11-A95B-6CFA9A301B9A}
	EndGlobalSection
EndGlobal
